lockfileVersion: '9.0'

settings:
  autoInstallPeers: true
  excludeLinksFromLockfile: false

importers:

  .:
    dependencies:
      '@types/redis':
        specifier: ^4.0.11
        version: 4.0.11
      redis:
        specifier: ^5.10.0
        version: 5.10.0

packages:

  '@redis/bloom@5.10.0':
    resolution: {integrity: sha512-doIF37ob+l47n0rkpRNgU8n4iacBlKM9xLiP1LtTZTvz8TloJB8qx/MgvhMhKdYG+CvCY2aPBnN2706izFn/4A==}
    engines: {node: '>= 18'}
    peerDependencies:
      '@redis/client': ^5.10.0

  '@redis/client@5.10.0':
    resolution: {integrity: sha512-JXmM4XCoso6C75Mr3lhKA3eNxSzkYi3nCzxDIKY+YOszYsJjuKbFgVtguVPbLMOttN4iu2fXoc2BGhdnYhIOxA==}
    engines: {node: '>= 18'}

  '@redis/json@5.10.0':
    resolution: {integrity: sha512-B2G8XlOmTPUuZtD44EMGbtoepQG34RCDXLZbjrtON1Djet0t5Ri7/YPXvL9aomXqP8lLTreaprtyLKF4tmXEEA==}
    engines: {node: '>= 18'}
    peerDependencies:
      '@redis/client': ^5.10.0

  '@redis/search@5.10.0':
    resolution: {integrity: sha512-3SVcPswoSfp2HnmWbAGUzlbUPn7fOohVu2weUQ0S+EMiQi8jwjL+aN2p6V3TI65eNfVsJ8vyPvqWklm6H6esmg==}
    engines: {node: '>= 18'}
    peerDependencies:
      '@redis/client': ^5.10.0

  '@redis/time-series@5.10.0':
    resolution: {integrity: sha512-cPkpddXH5kc/SdRhF0YG0qtjL+noqFT0AcHbQ6axhsPsO7iqPi1cjxgdkE9TNeKiBUUdCaU1DbqkR/LzbzPBhg==}
    engines: {node: '>= 18'}
    peerDependencies:
      '@redis/client': ^5.10.0

  '@types/redis@4.0.11':
    resolution: {integrity: sha512-bI+gth8La8Wg/QCR1+V1fhrL9+LZUSWfcqpOj2Kc80ZQ4ffbdL173vQd5wovmoV9i071FU9oP2g6etLuEwb6Rg==}
    deprecated: This is a stub types definition. redis provides its own type definitions, so you do not need this installed.

  cluster-key-slot@1.1.2:
    resolution: {integrity: sha512-RMr0FhtfXemyinomL4hrWcYJxmX6deFdCxpJzhDttxgO1+bcCnkk+9drydLVDmAMG7NE6aN/fl4F7ucU/90gAA==}
    engines: {node: '>=0.10.0'}

  redis@5.10.0:
    resolution: {integrity: sha512-0/Y+7IEiTgVGPrLFKy8oAEArSyEJkU0zvgV5xyi9NzNQ+SLZmyFbUsWIbgPcd4UdUh00opXGKlXJwMmsis5Byw==}
    engines: {node: '>= 18'}

snapshots:

  '@redis/bloom@5.10.0(@redis/client@5.10.0)':
    dependencies:
      '@redis/client': 5.10.0

  '@redis/client@5.10.0':
    dependencies:
      cluster-key-slot: 1.1.2

  '@redis/json@5.10.0(@redis/client@5.10.0)':
    dependencies:
      '@redis/client': 5.10.0

  '@redis/search@5.10.0(@redis/client@5.10.0)':
    dependencies:
      '@redis/client': 5.10.0

  '@redis/time-series@5.10.0(@redis/client@5.10.0)':
    dependencies:
      '@redis/client': 5.10.0

  '@types/redis@4.0.11':
    dependencies:
      redis: 5.10.0

  cluster-key-slot@1.1.2: {}

  redis@5.10.0:
    dependencies:
      '@redis/bloom': 5.10.0(@redis/client@5.10.0)
      '@redis/client': 5.10.0
      '@redis/json': 5.10.0(@redis/client@5.10.0)
      '@redis/search': 5.10.0(@redis/client@5.10.0)
      '@redis/time-series': 5.10.0(@redis/client@5.10.0)
